// !$*UTF8*$!
{
	archiveVersion = 1;
	classes = {
	};
	objectVersion = 50;
	objects = {

/* Begin PBXBuildFile section */
		0293197E264661990036CDDC /* Fitness.swift in Sources */ = {isa = PBXBuildFile; fileRef = 0293197D264661990036CDDC /* Fitness.swift */; };
		029319872646D6B90036CDDC /* workout.json in Resources */ = {isa = PBXBuildFile; fileRef = 029319862646D6B90036CDDC /* workout.json */; };
		0293198B2646D8420036CDDC /* DataService.swift in Sources */ = {isa = PBXBuildFile; fileRef = 0293198A2646D8420036CDDC /* DataService.swift */; };
		0296AA10263F1E2500BE08CF /* FitnessModel.swift in Sources */ = {isa = PBXBuildFile; fileRef = 0296AA0F263F1E2500BE08CF /* FitnessModel.swift */; };
		02A4136626474A4000C38C96 /* DetailView.swift in Sources */ = {isa = PBXBuildFile; fileRef = 02A4136526474A4000C38C96 /* DetailView.swift */; };
		02A413692647523400C38C96 /* HomeView.swift in Sources */ = {isa = PBXBuildFile; fileRef = 02A413682647523400C38C96 /* HomeView.swift */; };
		02A4136F2647A76500C38C96 /* BMIModel.swift in Sources */ = {isa = PBXBuildFile; fileRef = 02A4136E2647A76500C38C96 /* BMIModel.swift */; };
		02A41384264888A300C38C96 /* README.md in Resources */ = {isa = PBXBuildFile; fileRef = 02A41383264888A300C38C96 /* README.md */; };
		02F473332637533900F92C3B /* Bruno_Barbosa_Fitness_AppApp.swift in Sources */ = {isa = PBXBuildFile; fileRef = 02F473322637533900F92C3B /* Bruno_Barbosa_Fitness_AppApp.swift */; };
		02F473352637533900F92C3B /* StretchMainView.swift in Sources */ = {isa = PBXBuildFile; fileRef = 02F473342637533900F92C3B /* StretchMainView.swift */; };
		02F473372637533D00F92C3B /* Assets.xcassets in Resources */ = {isa = PBXBuildFile; fileRef = 02F473362637533D00F92C3B /* Assets.xcassets */; };
		02F4733A2637533D00F92C3B /* Preview Assets.xcassets in Resources */ = {isa = PBXBuildFile; fileRef = 02F473392637533D00F92C3B /* Preview Assets.xcassets */; };
/* End PBXBuildFile section */

/* Begin PBXFileReference section */
		0293197D264661990036CDDC /* Fitness.swift */ = {isa = PBXFileReference; lastKnownFileType = sourcecode.swift; path = Fitness.swift; sourceTree = "<group>"; };
		029319862646D6B90036CDDC /* workout.json */ = {isa = PBXFileReference; fileEncoding = 4; lastKnownFileType = text.json; path = workout.json; sourceTree = "<group>"; };
		0293198A2646D8420036CDDC /* DataService.swift */ = {isa = PBXFileReference; lastKnownFileType = sourcecode.swift; path = DataService.swift; sourceTree = "<group>"; };
		0296AA0F263F1E2500BE08CF /* FitnessModel.swift */ = {isa = PBXFileReference; lastKnownFileType = sourcecode.swift; path = FitnessModel.swift; sourceTree = "<group>"; };
		02A4136526474A4000C38C96 /* DetailView.swift */ = {isa = PBXFileReference; lastKnownFileType = sourcecode.swift; path = DetailView.swift; sourceTree = "<group>"; };
		02A413682647523400C38C96 /* HomeView.swift */ = {isa = PBXFileReference; lastKnownFileType = sourcecode.swift; path = HomeView.swift; sourceTree = "<group>"; };
		02A4136E2647A76500C38C96 /* BMIModel.swift */ = {isa = PBXFileReference; lastKnownFileType = sourcecode.swift; path = BMIModel.swift; sourceTree = "<group>"; };
		02A41383264888A300C38C96 /* README.md */ = {isa = PBXFileReference; lastKnownFileType = net.daringfireball.markdown; path = README.md; sourceTree = "<group>"; };
		02F4732F2637533900F92C3B /* Bruno Barbosa Fitness App.app */ = {isa = PBXFileReference; explicitFileType = wrapper.application; includeInIndex = 0; path = "Bruno Barbosa Fitness App.app"; sourceTree = BUILT_PRODUCTS_DIR; };
		02F473322637533900F92C3B /* Bruno_Barbosa_Fitness_AppApp.swift */ = {isa = PBXFileReference; lastKnownFileType = sourcecode.swift; path = Bruno_Barbosa_Fitness_AppApp.swift; sourceTree = "<group>"; };
		02F473342637533900F92C3B /* StretchMainView.swift */ = {isa = PBXFileReference; lastKnownFileType = sourcecode.swift; path = StretchMainView.swift; sourceTree = "<group>"; };
		02F473362637533D00F92C3B /* Assets.xcassets */ = {isa = PBXFileReference; lastKnownFileType = folder.assetcatalog; path = Assets.xcassets; sourceTree = "<group>"; };
		02F473392637533D00F92C3B /* Preview Assets.xcassets */ = {isa = PBXFileReference; lastKnownFileType = folder.assetcatalog; path = "Preview Assets.xcassets"; sourceTree = "<group>"; };
		02F4733B2637533D00F92C3B /* Info.plist */ = {isa = PBXFileReference; lastKnownFileType = text.plist.xml; path = Info.plist; sourceTree = "<group>"; };
/* End PBXFileReference section */

/* Begin PBXFrameworksBuildPhase section */
		02F4732C2637533900F92C3B /* Frameworks */ = {
			isa = PBXFrameworksBuildPhase;
			buildActionMask = 2147483647;
			files = (
			);
			runOnlyForDeploymentPostprocessing = 0;
		};
/* End PBXFrameworksBuildPhase section */

/* Begin PBXGroup section */
		02931980264662020036CDDC /* Data */ = {
			isa = PBXGroup;
			children = (
				029319862646D6B90036CDDC /* workout.json */,
			);
			name = Data;
			path = Services/Data;
			sourceTree = "<group>";
		};
		029319892646D8300036CDDC /* Services */ = {
			isa = PBXGroup;
			children = (
				0293198A2646D8420036CDDC /* DataService.swift */,
			);
			path = Services;
			sourceTree = "<group>";
		};
		0296AA07263F1C2200BE08CF /* Views */ = {
			isa = PBXGroup;
			children = (
				02F473342637533900F92C3B /* StretchMainView.swift */,
				02A4136526474A4000C38C96 /* DetailView.swift */,
				02A413682647523400C38C96 /* HomeView.swift */,
			);
			path = Views;
			sourceTree = "<group>";
		};
		0296AA08263F1C3100BE08CF /* Models */ = {
			isa = PBXGroup;
			children = (
				0293197D264661990036CDDC /* Fitness.swift */,
				02A4136E2647A76500C38C96 /* BMIModel.swift */,
			);
			path = Models;
			sourceTree = "<group>";
		};
		0296AA09263F1C3900BE08CF /* ViewModels */ = {
			isa = PBXGroup;
			children = (
				0296AA0F263F1E2500BE08CF /* FitnessModel.swift */,
			);
			path = ViewModels;
			sourceTree = "<group>";
		};
		02F473262637533900F92C3B = {
			isa = PBXGroup;
			children = (
				02F473312637533900F92C3B /* Bruno Barbosa Fitness App */,
				02F473302637533900F92C3B /* Products */,
			);
			sourceTree = "<group>";
		};
		02F473302637533900F92C3B /* Products */ = {
			isa = PBXGroup;
			children = (
				02F4732F2637533900F92C3B /* Bruno Barbosa Fitness App.app */,
			);
			name = Products;
			sourceTree = "<group>";
		};
		02F473312637533900F92C3B /* Bruno Barbosa Fitness App */ = {
			isa = PBXGroup;
			children = (
				02A41383264888A300C38C96 /* README.md */,
				02F473322637533900F92C3B /* Bruno_Barbosa_Fitness_AppApp.swift */,
				0296AA07263F1C2200BE08CF /* Views */,
				0296AA09263F1C3900BE08CF /* ViewModels */,
				0296AA08263F1C3100BE08CF /* Models */,
				029319892646D8300036CDDC /* Services */,
				02931980264662020036CDDC /* Data */,
				02F473362637533D00F92C3B /* Assets.xcassets */,
				02F4733B2637533D00F92C3B /* Info.plist */,
				02F473382637533D00F92C3B /* Preview Content */,
			);
			path = "Bruno Barbosa Fitness App";
			sourceTree = "<group>";
		};
		02F473382637533D00F92C3B /* Preview Content */ = {
			isa = PBXGroup;
			children = (
				02F473392637533D00F92C3B /* Preview Assets.xcassets */,
			);
			path = "Preview Content";
			sourceTree = "<group>";
		};
/* End PBXGroup section */

/* Begin PBXNativeTarget section */
		02F4732E2637533900F92C3B /* Bruno Barbosa Fitness App */ = {
			isa = PBXNativeTarget;
			buildConfigurationList = 02F4733E2637533D00F92C3B /* Build configuration list for PBXNativeTarget "Bruno Barbosa Fitness App" */;
			buildPhases = (
				02F4732B2637533900F92C3B /* Sources */,
				02F4732C2637533900F92C3B /* Frameworks */,
				02F4732D2637533900F92C3B /* Resources */,
			);
			buildRules = (
			);
			dependencies = (
			);
			name = "Bruno Barbosa Fitness App";
			productName = "Bruno Barbosa Fitness App";
			productReference = 02F4732F2637533900F92C3B /* Bruno Barbosa Fitness App.app */;
			productType = "com.apple.product-type.application";
		};
/* End PBXNativeTarget section */

/* Begin PBXProject section */
		02F473272637533900F92C3B /* Project object */ = {
			isa = PBXProject;
			attributes = {
				LastSwiftUpdateCheck = 1240;
				LastUpgradeCheck = 1240;
				TargetAttributes = {
					02F4732E2637533900F92C3B = {
						CreatedOnToolsVersion = 12.4;
					};
				};
			};
			buildConfigurationList = 02F4732A2637533900F92C3B /* Build configuration list for PBXProject "Bruno Barbosa Fitness App" */;
			compatibilityVersion = "Xcode 9.3";
			developmentRegion = en;
			hasScannedForEncodings = 0;
			knownRegions = (
				en,
				Base,
			);
			mainGroup = 02F473262637533900F92C3B;
			productRefGroup = 02F473302637533900F92C3B /* Products */;
			projectDirPath = "";
			projectRoot = "";
			targets = (
				02F4732E2637533900F92C3B /* Bruno Barbosa Fitness App */,
			);
		};
/* End PBXProject section */

/* Begin PBXResourcesBuildPhase section */
		02F4732D2637533900F92C3B /* Resources */ = {
			isa = PBXResourcesBuildPhase;
			buildActionMask = 2147483647;
			files = (
				029319872646D6B90036CDDC /* workout.json in Resources */,
				02F4733A2637533D00F92C3B /* Preview Assets.xcassets in Resources */,
				02A41384264888A300C38C96 /* README.md in Resources */,
				02F473372637533D00F92C3B /* Assets.xcassets in Resources */,
			);
			runOnlyForDeploymentPostprocessing = 0;
		};
/* End PBXResourcesBuildPhase section */

/* Begin PBXSourcesBuildPhase section */
		02F4732B2637533900F92C3B /* Sources */ = {
			isa = PBXSourcesBuildPhase;
			buildActionMask = 2147483647;
			files = (
				0293198B2646D8420036CDDC /* DataService.swift in Sources */,
				02A413692647523400C38C96 /* HomeView.swift in Sources */,
				02A4136626474A4000C38C96 /* DetailView.swift in Sources */,
				0293197E264661990036CDDC /* Fitness.swift in Sources */,
				02F473352637533900F92C3B /* StretchMainView.swift in Sources */,
				0296AA10263F1E2500BE08CF /* FitnessModel.swift in Sources */,
				02F473332637533900F92C3B /* Bruno_Barbosa_Fitness_AppApp.swift in Sources */,
				02A4136F2647A76500C38C96 /* BMIModel.swift in Sources */,
			);
			runOnlyForDeploymentPostprocessing = 0;
		};
/* End PBXSourcesBuildPhase section */

/* Begin XCBuildConfiguration section */
		02F4733C2637533D00F92C3B /* Debug */ = {
			isa = XCBuildConfiguration;
			buildSettings = {
				ALWAYS_SEARCH_USER_PATHS = NO;
				CLANG_ANALYZER_NONNULL = YES;
				CLANG_ANALYZER_NUMBER_OBJECT_CONVERSION = YES_AGGRESSIVE;
				CLANG_CXX_LANGUAGE_STANDARD = "gnu++14";
				CLANG_CXX_LIBRARY = "libc++";
				CLANG_ENABLE_MODULES = YES;
				CLANG_ENABLE_OBJC_ARC = YES;
				CLANG_ENABLE_OBJC_WEAK = YES;
				CLANG_WARN_BLOCK_CAPTURE_AUTORELEASING = YES;
				CLANG_WARN_BOOL_CONVERSION = YES;
				CLANG_WARN_COMMA = YES;
				CLANG_WARN_CONSTANT_CONVERSION = YES;
				CLANG_WARN_DEPRECATED_OBJC_IMPLEMENTATIONS = YES;
				CLANG_WARN_DIRECT_OBJC_ISA_USAGE = YES_ERROR;
				CLANG_WARN_DOCUMENTATION_COMMENTS = YES;
				CLANG_WARN_EMPTY_BODY = YES;
				CLANG_WARN_ENUM_CONVERSION = YES;
				CLANG_WARN_INFINITE_RECURSION = YES;
				CLANG_WARN_INT_CONVERSION = YES;
				CLANG_WARN_NON_LITERAL_NULL_CONVERSION = YES;
				CLANG_WARN_OBJC_IMPLICIT_RETAIN_SELF = YES;
				CLANG_WARN_OBJC_LITERAL_CONVERSION = YES;
				CLANG_WARN_OBJC_ROOT_CLASS = YES_ERROR;
				CLANG_WARN_QUOTED_INCLUDE_IN_FRAMEWORK_HEADER = YES;
				CLANG_WARN_RANGE_LOOP_ANALYSIS = YES;
				CLANG_WARN_STRICT_PROTOTYPES = YES;
				CLANG_WARN_SUSPICIOUS_MOVE = YES;
				CLANG_WARN_UNGUARDED_AVAILABILITY = YES_AGGRESSIVE;
				CLANG_WARN_UNREACHABLE_CODE = YES;
				CLANG_WARN__DUPLICATE_METHOD_MATCH = YES;
				COPY_PHASE_STRIP = NO;
				DEBUG_INFORMATION_FORMAT = dwarf;
				ENABLE_STRICT_OBJC_MSGSEND = YES;
				ENABLE_TESTABILITY = YES;
				GCC_C_LANGUAGE_STANDARD = gnu11;
				GCC_DYNAMIC_NO_PIC = NO;
				GCC_NO_COMMON_BLOCKS = YES;
				GCC_OPTIMIZATION_LEVEL = 0;
				GCC_PREPROCESSOR_DEFINITIONS = (
					"DEBUG=1",
					"$(inherited)",
				);
				GCC_WARN_64_TO_32_BIT_CONVERSION = YES;
				GCC_WARN_ABOUT_RETURN_TYPE = YES_ERROR;
				GCC_WARN_UNDECLARED_SELECTOR = YES;
				GCC_WARN_UNINITIALIZED_AUTOS = YES_AGGRESSIVE;
				GCC_WARN_UNUSED_FUNCTION = YES;
				GCC_WARN_UNUSED_VARIABLE = YES;
				IPHONEOS_DEPLOYMENT_TARGET = 14.4;
				MTL_ENABLE_DEBUG_INFO = INCLUDE_SOURCE;
				MTL_FAST_MATH = YES;
				ONLY_ACTIVE_ARCH = YES;
				SDKROOT = iphoneos;
				SWIFT_ACTIVE_COMPILATION_CONDITIONS = DEBUG;
				SWIFT_OPTIMIZATION_LEVEL = "-Onone";
			};
			name = Debug;
		};
		02F4733D2637533D00F92C3B /* Release */ = {
			isa = XCBuildConfiguration;
			buildSettings = {
				ALWAYS_SEARCH_USER_PATHS = NO;
				CLANG_ANALYZER_NONNULL = YES;
				CLANG_ANALYZER_NUMBER_OBJECT_CONVERSION = YES_AGGRESSIVE;
				CLANG_CXX_LANGUAGE_STANDARD = "gnu++14";
				CLANG_CXX_LIBRARY = "libc++";
				CLANG_ENABLE_MODULES = YES;
				CLANG_ENABLE_OBJC_ARC = YES;
				CLANG_ENABLE_OBJC_WEAK = YES;
				CLANG_WARN_BLOCK_CAPTURE_AUTORELEASING = YES;
				CLANG_WARN_BOOL_CONVERSION = YES;
				CLANG_WARN_COMMA = YES;
				CLANG_WARN_CONSTANT_CONVERSION = YES;
				CLANG_WARN_DEPRECATED_OBJC_IMPLEMENTATIONS = YES;
				CLANG_WARN_DIRECT_OBJC_ISA_USAGE = YES_ERROR;
				CLANG_WARN_DOCUMENTATION_COMMENTS = YES;
				CLANG_WARN_EMPTY_BODY = YES;
				CLANG_WARN_ENUM_CONVERSION = YES;
				CLANG_WARN_INFINITE_RECURSION = YES;
				CLANG_WARN_INT_CONVERSION = YES;
				CLANG_WARN_NON_LITERAL_NULL_CONVERSION = YES;
				CLANG_WARN_OBJC_IMPLICIT_RETAIN_SELF = YES;
				CLANG_WARN_OBJC_LITERAL_CONVERSION = YES;
				CLANG_WARN_OBJC_ROOT_CLASS = YES_ERROR;
				CLANG_WARN_QUOTED_INCLUDE_IN_FRAMEWORK_HEADER = YES;
				CLANG_WARN_RANGE_LOOP_ANALYSIS = YES;
				CLANG_WARN_STRICT_PROTOTYPES = YES;
				CLANG_WARN_SUSPICIOUS_MOVE = YES;
				CLANG_WARN_UNGUARDED_AVAILABILITY = YES_AGGRESSIVE;
				CLANG_WARN_UNREACHABLE_CODE = YES;
				CLANG_WARN__DUPLICATE_METHOD_MATCH = YES;
				COPY_PHASE_STRIP = NO;
				DEBUG_INFORMATION_FORMAT = "dwarf-with-dsym";
				ENABLE_NS_ASSERTIONS = NO;
				ENABLE_STRICT_OBJC_MSGSEND = YES;
				GCC_C_LANGUAGE_STANDARD = gnu11;
				GCC_NO_COMMON_BLOCKS = YES;
				GCC_WARN_64_TO_32_BIT_CONVERSION = YES;
				GCC_WARN_ABOUT_RETURN_TYPE = YES_ERROR;
				GCC_WARN_UNDECLARED_SELECTOR = YES;
				GCC_WARN_UNINITIALIZED_AUTOS = YES_AGGRESSIVE;
				GCC_WARN_UNUSED_FUNCTION = YES;
				GCC_WARN_UNUSED_VARIABLE = YES;
				IPHONEOS_DEPLOYMENT_TARGET = 14.4;
				MTL_ENABLE_DEBUG_INFO = NO;
				MTL_FAST_MATH = YES;
				SDKROOT = iphoneos;
				SWIFT_COMPILATION_MODE = wholemodule;
				SWIFT_OPTIMIZATION_LEVEL = "-O";
				VALIDATE_PRODUCT = YES;
			};
			name = Release;
		};
		02F4733F2637533D00F92C3B /* Debug */ = {
			isa = XCBuildConfiguration;
			buildSettings = {
				ASSETCATALOG_COMPILER_APPICON_NAME = AppIcon;
				ASSETCATALOG_COMPILER_GLOBAL_ACCENT_COLOR_NAME = AccentColor;
				CODE_SIGN_STYLE = Automatic;
				DEVELOPMENT_ASSET_PATHS = "\"Bruno Barbosa Fitness App/Preview Content\"";
				DEVELOPMENT_TEAM = N3Q4CSB49Z;
				ENABLE_PREVIEWS = YES;
				INFOPLIST_FILE = "Bruno Barbosa Fitness App/Info.plist";
				IPHONEOS_DEPLOYMENT_TARGET = 14.0;
				LD_RUNPATH_SEARCH_PATHS = (
					"$(inherited)",
					"@executable_path/Frameworks",
				);
				PRODUCT_BUNDLE_IDENTIFIER = "com.chrissoares.Bruno-Barbosa-Fitness-App";
				PRODUCT_NAME = "$(TARGET_NAME)";
				SWIFT_VERSION = 5.0;
				TARGETED_DEVICE_FAMILY = "1,2";
			};
			name = Debug;
		};
		02F473402637533D00F92C3B /* Release */ = {
			isa = XCBuildConfiguration;
			buildSettings = {
				ASSETCATALOG_COMPILER_APPICON_NAME = AppIcon;
				ASSETCATALOG_COMPILER_GLOBAL_ACCENT_COLOR_NAME = AccentColor;
				CODE_SIGN_STYLE = Automatic;
				DEVELOPMENT_ASSET_PATHS = "\"Bruno Barbosa Fitness App/Preview Content\"";
				DEVELOPMENT_TEAM = N3Q4CSB49Z;
				ENABLE_PREVIEWS = YES;
				INFOPLIST_FILE = "Bruno Barbosa Fitness App/Info.plist";
				IPHONEOS_DEPLOYMENT_TARGET = 14.0;
				LD_RUNPATH_SEARCH_PATHS = (
					"$(inherited)",
					"@executable_path/Frameworks",
				);
				PRODUCT_BUNDLE_IDENTIFIER = "com.chrissoares.Bruno-Barbosa-Fitness-App";
				PRODUCT_NAME = "$(TARGET_NAME)";
				SWIFT_VERSION = 5.0;
				TARGETED_DEVICE_FAMILY = "1,2";
			};
			name = Release;
		};
/* End XCBuildConfiguration section */

/* Begin XCConfigurationList section */
		02F4732A2637533900F92C3B /* Build configuration list for PBXProject "Bruno Barbosa Fitness App" */ = {
			isa = XCConfigurationList;
			buildConfigurations = (
				02F4733C2637533D00F92C3B /* Debug */,
				02F4733D2637533D00F92C3B /* Release */,
			);
			defaultConfigurationIsVisible = 0;
			defaultConfigurationName = Release;
		};
		02F4733E2637533D00F92C3B /* Build configuration list for PBXNativeTarget "Bruno Barbosa Fitness App" */ = {
			isa = XCConfigurationList;
			buildConfigurations = (
				02F4733F2637533D00F92C3B /* Debug */,
				02F473402637533D00F92C3B /* Release */,
			);
			defaultConfigurationIsVisible = 0;
			defaultConfigurationName = Release;
		};
/* End XCConfigurationList section */
	};
	rootObject = 02F473272637533900F92C3B /* Project object */;
}
